
Microsoft Visual Studio Solution File, Format Version 12.00
# Visual Studio Version 17
VisualStudioVersion = 17.4.33103.184
MinimumVisualStudioVersion = 10.0.40219.1
Project("{9A19103F-16F7-4668-BE54-9A1E7A4F7556}") = "Whetstone.StoryEngine.Test", "Whetstone.StoryEngine.Test\Whetstone.StoryEngine.Test.csproj", "{84ECC5EE-6EC5-45E4-9618-D1A13193C6C9}"
EndProject
Project("{9A19103F-16F7-4668-BE54-9A1E7A4F7556}") = "Whetstone.StoryEngine.Models", "Whetstone.StoryEngine.Models\Whetstone.StoryEngine.Models.csproj", "{C84A0A67-89ED-4B50-8F0A-03E042D90AE7}"
EndProject
Project("{9A19103F-16F7-4668-BE54-9A1E7A4F7556}") = "Whetstone.StoryEngine.Data", "Whetstone.StoryEngine.Data\Whetstone.StoryEngine.Data.csproj", "{EE75A51C-1929-42CD-9DF3-26698AE75104}"
EndProject
Project("{9A19103F-16F7-4668-BE54-9A1E7A4F7556}") = "Whetstone.StoryEngine.Repository", "Whetstone.StoryEngine.Repository\Whetstone.StoryEngine.Repository.csproj", "{A7724F04-A955-4179-8D3C-1A129B58F616}"
EndProject
Project("{9A19103F-16F7-4668-BE54-9A1E7A4F7556}") = "Whetstone.StoryEngine.Data.Create", "Whetstone.StoryEngine.Data.Create\Whetstone.StoryEngine.Data.Create.csproj", "{BB911AC8-1AB5-46C2-81EA-A1503090421D}"
EndProject
Project("{2150E333-8FDC-42A3-9474-1A3956D46DE8}") = "Solution Items", "Solution Items", "{3DCF86EB-31A2-456C-96D0-BA4F26947836}"
	ProjectSection(SolutionItems) = preProject
		.analyzerconfig = .analyzerconfig
		NuGet\NuGet.config = NuGet\NuGet.config
	EndProjectSection
EndProject
Project("{9A19103F-16F7-4668-BE54-9A1E7A4F7556}") = "Whetstone.StoryEngine.Data.Tests", "Whetstone.StoryEngine.Data.Test\Whetstone.StoryEngine.Data.Tests.csproj", "{5D563AF2-0433-4156-B160-9018F86BE15F}"
EndProject
Project("{9A19103F-16F7-4668-BE54-9A1E7A4F7556}") = "Whetstone.StoryEngine.UnitTests", "Whetstone.StoryEngine.UnitTests\Whetstone.StoryEngine.UnitTests.csproj", "{04250D0F-CC9A-4486-8344-EDD0DD898AD0}"
EndProject
Project("{9A19103F-16F7-4668-BE54-9A1E7A4F7556}") = "Whetstone.StoryEngine.DependencyInjection", "Whetstone.StoryEngine.DependencyInjection\Whetstone.StoryEngine.DependencyInjection.csproj", "{5AE131FF-FA9D-4EBB-A0DD-791AC731FC63}"
EndProject
Project("{9A19103F-16F7-4668-BE54-9A1E7A4F7556}") = "Whetstone.StoryEngine", "Whetstone.StoryEngine\Whetstone.StoryEngine.csproj", "{296FF4B3-C890-4D7F-9218-F74D6B368A13}"
EndProject
Project("{9A19103F-16F7-4668-BE54-9A1E7A4F7556}") = "Whetstone.StoryEngine.AlexaProcessor", "Whetstone.StoryEngine.AlexaProcessor\Whetstone.StoryEngine.AlexaProcessor.csproj", "{53A3CC31-3013-4124-9F5C-05D55D2A0DFA}"
EndProject
Project("{2150E333-8FDC-42A3-9474-1A3956D46DE8}") = "CoreAssemblies", "CoreAssemblies", "{83677016-20BC-4FB3-AF0D-B4BEC5DC2FE8}"
EndProject
Project("{2150E333-8FDC-42A3-9474-1A3956D46DE8}") = "Alexa", "Alexa", "{16D22821-F7AC-4A85-9AAF-B50903179246}"
EndProject
Project("{2150E333-8FDC-42A3-9474-1A3956D46DE8}") = "ConfigUtilities", "ConfigUtilities", "{98E6EB68-4A8F-4957-A354-F5D2468F8A75}"
EndProject
Project("{9A19103F-16F7-4668-BE54-9A1E7A4F7556}") = "Whetstone.StoryEngine.Cache.DynamoDB", "Whetstone.StoryEngine.Cache.DynamoDB\Whetstone.StoryEngine.Cache.DynamoDB.csproj", "{BA4FE652-6F41-4817-B483-3AA335B25D40}"
EndProject
Project("{9A19103F-16F7-4668-BE54-9A1E7A4F7556}") = "Whetstone.StoryEngine.DynamoDBMonitors", "Whetstone.StoryEngine.DynamoDBMonitors\Whetstone.StoryEngine.DynamoDBMonitors.csproj", "{CE0FC3D5-FA3F-417B-A002-0033A9E79B14}"
EndProject
Project("{9A19103F-16F7-4668-BE54-9A1E7A4F7556}") = "Whetstone.StoryEngine.Data.EntityFramework", "Whetstone.StoryEngine.Data.EntityFramework\Whetstone.StoryEngine.Data.EntityFramework.csproj", "{330DFC6A-4F9A-47EF-841D-B4AE7FD4C21C}"
EndProject
Project("{9A19103F-16F7-4668-BE54-9A1E7A4F7556}") = "Whetstone.StoryEngine.Data.DependencyInjection", "Whetstone.StoryEngine.Data.DependencyInjection\Whetstone.StoryEngine.Data.DependencyInjection.csproj", "{538B11CE-E274-48F8-8FED-4FE066391BA6}"
EndProject
Project("{9A19103F-16F7-4668-BE54-9A1E7A4F7556}") = "Whetstone.StoryEngine.Cache.DynamoDB.Test", "Whetstone.StoryEngine.Cache.DynamoDB.Test\Whetstone.StoryEngine.Cache.DynamoDB.Test.csproj", "{36F3123A-1934-4232-B9BC-2262E2CB7D3A}"
EndProject
Project("{9A19103F-16F7-4668-BE54-9A1E7A4F7556}") = "Whetstone.StoryEngine.Cache", "Whetstone.StoryEngine.Cache\Whetstone.StoryEngine.Cache.csproj", "{57C31971-782E-4BE4-BE23-BE8DEEDB97A7}"
EndProject
Project("{9A19103F-16F7-4668-BE54-9A1E7A4F7556}") = "Whetstone.StoryEngine.ConfigUtilities", "Whetstone.StoryEngine.ConfigUtilities\Whetstone.StoryEngine.ConfigUtilities.csproj", "{621F8EE6-DA27-492C-9AE1-6C5B19C12C8B}"
EndProject
Project("{9A19103F-16F7-4668-BE54-9A1E7A4F7556}") = "Whetstone.StoryEngine.ConfigUtilities.Tests", "Whetstone.StoryEngine.ConfigUtilities.Tests\Whetstone.StoryEngine.ConfigUtilities.Tests.csproj", "{095F2B03-B45E-43B8-BF3D-768003E631D4}"
EndProject
Project("{2150E333-8FDC-42A3-9474-1A3956D46DE8}") = "LambdaUtilities", "LambdaUtilities", "{CDF301AF-74C9-4737-90C9-EA15FDE8F372}"
EndProject
Project("{9A19103F-16F7-4668-BE54-9A1E7A4F7556}") = "Whetstone.StoryEngine.LambdaUtilities", "Whetstone.StoryEngine.LambdaUtilities\Whetstone.StoryEngine.LambdaUtilities.csproj", "{0E87438F-9ADB-480D-AD0C-59177E2A6DB2}"
EndProject
Project("{9A19103F-16F7-4668-BE54-9A1E7A4F7556}") = "Whetstone.StoryEngine.LambdaUtilities.Tests", "Whetstone.StoryEngine.LambdaUtilities.Tests\Whetstone.StoryEngine.LambdaUtilities.Tests.csproj", "{7B2DAA68-6BC5-4694-A3C5-D345BB9CA391}"
EndProject
Project("{9A19103F-16F7-4668-BE54-9A1E7A4F7556}") = "Whetstone.StoryEngine.AlexaFunction", "Whetstone.StoryEngine.AlexaFunction\Whetstone.StoryEngine.AlexaFunction.csproj", "{9F49F5D3-61C5-4569-A328-AB67C161DB15}"
EndProject
Project("{9A19103F-16F7-4668-BE54-9A1E7A4F7556}") = "Whetstone.StoryEngine.AlexaFunction.Test", "Whetstone.StoryEngine.AlexaFunction.Test\Whetstone.StoryEngine.AlexaFunction.Test.csproj", "{D27BE93F-4070-48A9-BB27-477C3AFA6EC5}"
EndProject
Project("{2150E333-8FDC-42A3-9474-1A3956D46DE8}") = "AzureFunction", "AzureFunction", "{5A8C3BD1-D96E-4BF4-A2D3-647C57B5FF57}"
EndProject
Project("{FAE04EC0-301F-11D3-BF4B-00C04F79EFBC}") = "Whetstone.Azure.AlexaFunction", "Whetstone.Azure.AlexaFunction\Whetstone.Azure.AlexaFunction.csproj", "{6703D235-B790-448A-8B8B-1FE9A67649F3}"
EndProject
Global
	GlobalSection(SolutionConfigurationPlatforms) = preSolution
		Debug|Any CPU = Debug|Any CPU
		Debug|x86 = Debug|x86
		Release|Any CPU = Release|Any CPU
		Release|x86 = Release|x86
	EndGlobalSection
	GlobalSection(ProjectConfigurationPlatforms) = postSolution
		{84ECC5EE-6EC5-45E4-9618-D1A13193C6C9}.Debug|Any CPU.ActiveCfg = Debug|Any CPU
		{84ECC5EE-6EC5-45E4-9618-D1A13193C6C9}.Debug|Any CPU.Build.0 = Debug|Any CPU
		{84ECC5EE-6EC5-45E4-9618-D1A13193C6C9}.Debug|x86.ActiveCfg = Debug|Any CPU
		{84ECC5EE-6EC5-45E4-9618-D1A13193C6C9}.Debug|x86.Build.0 = Debug|Any CPU
		{84ECC5EE-6EC5-45E4-9618-D1A13193C6C9}.Release|Any CPU.ActiveCfg = Release|Any CPU
		{84ECC5EE-6EC5-45E4-9618-D1A13193C6C9}.Release|Any CPU.Build.0 = Release|Any CPU
		{84ECC5EE-6EC5-45E4-9618-D1A13193C6C9}.Release|x86.ActiveCfg = Release|Any CPU
		{84ECC5EE-6EC5-45E4-9618-D1A13193C6C9}.Release|x86.Build.0 = Release|Any CPU
		{C84A0A67-89ED-4B50-8F0A-03E042D90AE7}.Debug|Any CPU.ActiveCfg = Debug|Any CPU
		{C84A0A67-89ED-4B50-8F0A-03E042D90AE7}.Debug|Any CPU.Build.0 = Debug|Any CPU
		{C84A0A67-89ED-4B50-8F0A-03E042D90AE7}.Debug|x86.ActiveCfg = Debug|Any CPU
		{C84A0A67-89ED-4B50-8F0A-03E042D90AE7}.Debug|x86.Build.0 = Debug|Any CPU
		{C84A0A67-89ED-4B50-8F0A-03E042D90AE7}.Release|Any CPU.ActiveCfg = Release|Any CPU
		{C84A0A67-89ED-4B50-8F0A-03E042D90AE7}.Release|Any CPU.Build.0 = Release|Any CPU
		{C84A0A67-89ED-4B50-8F0A-03E042D90AE7}.Release|x86.ActiveCfg = Release|Any CPU
		{C84A0A67-89ED-4B50-8F0A-03E042D90AE7}.Release|x86.Build.0 = Release|Any CPU
		{EE75A51C-1929-42CD-9DF3-26698AE75104}.Debug|Any CPU.ActiveCfg = Debug|Any CPU
		{EE75A51C-1929-42CD-9DF3-26698AE75104}.Debug|Any CPU.Build.0 = Debug|Any CPU
		{EE75A51C-1929-42CD-9DF3-26698AE75104}.Debug|x86.ActiveCfg = Debug|Any CPU
		{EE75A51C-1929-42CD-9DF3-26698AE75104}.Debug|x86.Build.0 = Debug|Any CPU
		{EE75A51C-1929-42CD-9DF3-26698AE75104}.Release|Any CPU.ActiveCfg = Release|Any CPU
		{EE75A51C-1929-42CD-9DF3-26698AE75104}.Release|Any CPU.Build.0 = Release|Any CPU
		{EE75A51C-1929-42CD-9DF3-26698AE75104}.Release|x86.ActiveCfg = Release|Any CPU
		{EE75A51C-1929-42CD-9DF3-26698AE75104}.Release|x86.Build.0 = Release|Any CPU
		{A7724F04-A955-4179-8D3C-1A129B58F616}.Debug|Any CPU.ActiveCfg = Debug|Any CPU
		{A7724F04-A955-4179-8D3C-1A129B58F616}.Debug|Any CPU.Build.0 = Debug|Any CPU
		{A7724F04-A955-4179-8D3C-1A129B58F616}.Debug|x86.ActiveCfg = Debug|Any CPU
		{A7724F04-A955-4179-8D3C-1A129B58F616}.Debug|x86.Build.0 = Debug|Any CPU
		{A7724F04-A955-4179-8D3C-1A129B58F616}.Release|Any CPU.ActiveCfg = Release|Any CPU
		{A7724F04-A955-4179-8D3C-1A129B58F616}.Release|Any CPU.Build.0 = Release|Any CPU
		{A7724F04-A955-4179-8D3C-1A129B58F616}.Release|x86.ActiveCfg = Release|Any CPU
		{A7724F04-A955-4179-8D3C-1A129B58F616}.Release|x86.Build.0 = Release|Any CPU
		{BB911AC8-1AB5-46C2-81EA-A1503090421D}.Debug|Any CPU.ActiveCfg = Debug|Any CPU
		{BB911AC8-1AB5-46C2-81EA-A1503090421D}.Debug|Any CPU.Build.0 = Debug|Any CPU
		{BB911AC8-1AB5-46C2-81EA-A1503090421D}.Debug|x86.ActiveCfg = Debug|Any CPU
		{BB911AC8-1AB5-46C2-81EA-A1503090421D}.Debug|x86.Build.0 = Debug|Any CPU
		{BB911AC8-1AB5-46C2-81EA-A1503090421D}.Release|Any CPU.ActiveCfg = Release|Any CPU
		{BB911AC8-1AB5-46C2-81EA-A1503090421D}.Release|Any CPU.Build.0 = Release|Any CPU
		{BB911AC8-1AB5-46C2-81EA-A1503090421D}.Release|x86.ActiveCfg = Release|Any CPU
		{BB911AC8-1AB5-46C2-81EA-A1503090421D}.Release|x86.Build.0 = Release|Any CPU
		{5D563AF2-0433-4156-B160-9018F86BE15F}.Debug|Any CPU.ActiveCfg = Debug|Any CPU
		{5D563AF2-0433-4156-B160-9018F86BE15F}.Debug|Any CPU.Build.0 = Debug|Any CPU
		{5D563AF2-0433-4156-B160-9018F86BE15F}.Debug|x86.ActiveCfg = Debug|Any CPU
		{5D563AF2-0433-4156-B160-9018F86BE15F}.Debug|x86.Build.0 = Debug|Any CPU
		{5D563AF2-0433-4156-B160-9018F86BE15F}.Release|Any CPU.ActiveCfg = Release|Any CPU
		{5D563AF2-0433-4156-B160-9018F86BE15F}.Release|Any CPU.Build.0 = Release|Any CPU
		{5D563AF2-0433-4156-B160-9018F86BE15F}.Release|x86.ActiveCfg = Release|Any CPU
		{5D563AF2-0433-4156-B160-9018F86BE15F}.Release|x86.Build.0 = Release|Any CPU
		{04250D0F-CC9A-4486-8344-EDD0DD898AD0}.Debug|Any CPU.ActiveCfg = Debug|Any CPU
		{04250D0F-CC9A-4486-8344-EDD0DD898AD0}.Debug|Any CPU.Build.0 = Debug|Any CPU
		{04250D0F-CC9A-4486-8344-EDD0DD898AD0}.Debug|x86.ActiveCfg = Debug|Any CPU
		{04250D0F-CC9A-4486-8344-EDD0DD898AD0}.Debug|x86.Build.0 = Debug|Any CPU
		{04250D0F-CC9A-4486-8344-EDD0DD898AD0}.Release|Any CPU.ActiveCfg = Release|Any CPU
		{04250D0F-CC9A-4486-8344-EDD0DD898AD0}.Release|Any CPU.Build.0 = Release|Any CPU
		{04250D0F-CC9A-4486-8344-EDD0DD898AD0}.Release|x86.ActiveCfg = Release|Any CPU
		{04250D0F-CC9A-4486-8344-EDD0DD898AD0}.Release|x86.Build.0 = Release|Any CPU
		{5AE131FF-FA9D-4EBB-A0DD-791AC731FC63}.Debug|Any CPU.ActiveCfg = Debug|Any CPU
		{5AE131FF-FA9D-4EBB-A0DD-791AC731FC63}.Debug|Any CPU.Build.0 = Debug|Any CPU
		{5AE131FF-FA9D-4EBB-A0DD-791AC731FC63}.Debug|x86.ActiveCfg = Debug|Any CPU
		{5AE131FF-FA9D-4EBB-A0DD-791AC731FC63}.Debug|x86.Build.0 = Debug|Any CPU
		{5AE131FF-FA9D-4EBB-A0DD-791AC731FC63}.Release|Any CPU.ActiveCfg = Release|Any CPU
		{5AE131FF-FA9D-4EBB-A0DD-791AC731FC63}.Release|Any CPU.Build.0 = Release|Any CPU
		{5AE131FF-FA9D-4EBB-A0DD-791AC731FC63}.Release|x86.ActiveCfg = Release|Any CPU
		{5AE131FF-FA9D-4EBB-A0DD-791AC731FC63}.Release|x86.Build.0 = Release|Any CPU
		{296FF4B3-C890-4D7F-9218-F74D6B368A13}.Debug|Any CPU.ActiveCfg = Debug|Any CPU
		{296FF4B3-C890-4D7F-9218-F74D6B368A13}.Debug|Any CPU.Build.0 = Debug|Any CPU
		{296FF4B3-C890-4D7F-9218-F74D6B368A13}.Debug|x86.ActiveCfg = Debug|Any CPU
		{296FF4B3-C890-4D7F-9218-F74D6B368A13}.Debug|x86.Build.0 = Debug|Any CPU
		{296FF4B3-C890-4D7F-9218-F74D6B368A13}.Release|Any CPU.ActiveCfg = Release|Any CPU
		{296FF4B3-C890-4D7F-9218-F74D6B368A13}.Release|Any CPU.Build.0 = Release|Any CPU
		{296FF4B3-C890-4D7F-9218-F74D6B368A13}.Release|x86.ActiveCfg = Release|Any CPU
		{296FF4B3-C890-4D7F-9218-F74D6B368A13}.Release|x86.Build.0 = Release|Any CPU
		{53A3CC31-3013-4124-9F5C-05D55D2A0DFA}.Debug|Any CPU.ActiveCfg = Debug|Any CPU
		{53A3CC31-3013-4124-9F5C-05D55D2A0DFA}.Debug|Any CPU.Build.0 = Debug|Any CPU
		{53A3CC31-3013-4124-9F5C-05D55D2A0DFA}.Debug|x86.ActiveCfg = Debug|Any CPU
		{53A3CC31-3013-4124-9F5C-05D55D2A0DFA}.Debug|x86.Build.0 = Debug|Any CPU
		{53A3CC31-3013-4124-9F5C-05D55D2A0DFA}.Release|Any CPU.ActiveCfg = Release|Any CPU
		{53A3CC31-3013-4124-9F5C-05D55D2A0DFA}.Release|Any CPU.Build.0 = Release|Any CPU
		{53A3CC31-3013-4124-9F5C-05D55D2A0DFA}.Release|x86.ActiveCfg = Release|Any CPU
		{53A3CC31-3013-4124-9F5C-05D55D2A0DFA}.Release|x86.Build.0 = Release|Any CPU
		{BA4FE652-6F41-4817-B483-3AA335B25D40}.Debug|Any CPU.ActiveCfg = Debug|Any CPU
		{BA4FE652-6F41-4817-B483-3AA335B25D40}.Debug|Any CPU.Build.0 = Debug|Any CPU
		{BA4FE652-6F41-4817-B483-3AA335B25D40}.Debug|x86.ActiveCfg = Debug|Any CPU
		{BA4FE652-6F41-4817-B483-3AA335B25D40}.Debug|x86.Build.0 = Debug|Any CPU
		{BA4FE652-6F41-4817-B483-3AA335B25D40}.Release|Any CPU.ActiveCfg = Release|Any CPU
		{BA4FE652-6F41-4817-B483-3AA335B25D40}.Release|Any CPU.Build.0 = Release|Any CPU
		{BA4FE652-6F41-4817-B483-3AA335B25D40}.Release|x86.ActiveCfg = Release|Any CPU
		{BA4FE652-6F41-4817-B483-3AA335B25D40}.Release|x86.Build.0 = Release|Any CPU
		{CE0FC3D5-FA3F-417B-A002-0033A9E79B14}.Debug|Any CPU.ActiveCfg = Debug|Any CPU
		{CE0FC3D5-FA3F-417B-A002-0033A9E79B14}.Debug|Any CPU.Build.0 = Debug|Any CPU
		{CE0FC3D5-FA3F-417B-A002-0033A9E79B14}.Debug|x86.ActiveCfg = Debug|Any CPU
		{CE0FC3D5-FA3F-417B-A002-0033A9E79B14}.Debug|x86.Build.0 = Debug|Any CPU
		{CE0FC3D5-FA3F-417B-A002-0033A9E79B14}.Release|Any CPU.ActiveCfg = Release|Any CPU
		{CE0FC3D5-FA3F-417B-A002-0033A9E79B14}.Release|Any CPU.Build.0 = Release|Any CPU
		{CE0FC3D5-FA3F-417B-A002-0033A9E79B14}.Release|x86.ActiveCfg = Release|Any CPU
		{CE0FC3D5-FA3F-417B-A002-0033A9E79B14}.Release|x86.Build.0 = Release|Any CPU
		{330DFC6A-4F9A-47EF-841D-B4AE7FD4C21C}.Debug|Any CPU.ActiveCfg = Debug|Any CPU
		{330DFC6A-4F9A-47EF-841D-B4AE7FD4C21C}.Debug|Any CPU.Build.0 = Debug|Any CPU
		{330DFC6A-4F9A-47EF-841D-B4AE7FD4C21C}.Debug|x86.ActiveCfg = Debug|Any CPU
		{330DFC6A-4F9A-47EF-841D-B4AE7FD4C21C}.Debug|x86.Build.0 = Debug|Any CPU
		{330DFC6A-4F9A-47EF-841D-B4AE7FD4C21C}.Release|Any CPU.ActiveCfg = Release|Any CPU
		{330DFC6A-4F9A-47EF-841D-B4AE7FD4C21C}.Release|Any CPU.Build.0 = Release|Any CPU
		{330DFC6A-4F9A-47EF-841D-B4AE7FD4C21C}.Release|x86.ActiveCfg = Release|Any CPU
		{330DFC6A-4F9A-47EF-841D-B4AE7FD4C21C}.Release|x86.Build.0 = Release|Any CPU
		{538B11CE-E274-48F8-8FED-4FE066391BA6}.Debug|Any CPU.ActiveCfg = Debug|Any CPU
		{538B11CE-E274-48F8-8FED-4FE066391BA6}.Debug|Any CPU.Build.0 = Debug|Any CPU
		{538B11CE-E274-48F8-8FED-4FE066391BA6}.Debug|x86.ActiveCfg = Debug|Any CPU
		{538B11CE-E274-48F8-8FED-4FE066391BA6}.Debug|x86.Build.0 = Debug|Any CPU
		{538B11CE-E274-48F8-8FED-4FE066391BA6}.Release|Any CPU.ActiveCfg = Release|Any CPU
		{538B11CE-E274-48F8-8FED-4FE066391BA6}.Release|Any CPU.Build.0 = Release|Any CPU
		{538B11CE-E274-48F8-8FED-4FE066391BA6}.Release|x86.ActiveCfg = Release|Any CPU
		{538B11CE-E274-48F8-8FED-4FE066391BA6}.Release|x86.Build.0 = Release|Any CPU
		{36F3123A-1934-4232-B9BC-2262E2CB7D3A}.Debug|Any CPU.ActiveCfg = Debug|Any CPU
		{36F3123A-1934-4232-B9BC-2262E2CB7D3A}.Debug|Any CPU.Build.0 = Debug|Any CPU
		{36F3123A-1934-4232-B9BC-2262E2CB7D3A}.Debug|x86.ActiveCfg = Debug|Any CPU
		{36F3123A-1934-4232-B9BC-2262E2CB7D3A}.Debug|x86.Build.0 = Debug|Any CPU
		{36F3123A-1934-4232-B9BC-2262E2CB7D3A}.Release|Any CPU.ActiveCfg = Release|Any CPU
		{36F3123A-1934-4232-B9BC-2262E2CB7D3A}.Release|Any CPU.Build.0 = Release|Any CPU
		{36F3123A-1934-4232-B9BC-2262E2CB7D3A}.Release|x86.ActiveCfg = Release|Any CPU
		{36F3123A-1934-4232-B9BC-2262E2CB7D3A}.Release|x86.Build.0 = Release|Any CPU
		{57C31971-782E-4BE4-BE23-BE8DEEDB97A7}.Debug|Any CPU.ActiveCfg = Debug|Any CPU
		{57C31971-782E-4BE4-BE23-BE8DEEDB97A7}.Debug|Any CPU.Build.0 = Debug|Any CPU
		{57C31971-782E-4BE4-BE23-BE8DEEDB97A7}.Debug|x86.ActiveCfg = Debug|Any CPU
		{57C31971-782E-4BE4-BE23-BE8DEEDB97A7}.Debug|x86.Build.0 = Debug|Any CPU
		{57C31971-782E-4BE4-BE23-BE8DEEDB97A7}.Release|Any CPU.ActiveCfg = Release|Any CPU
		{57C31971-782E-4BE4-BE23-BE8DEEDB97A7}.Release|Any CPU.Build.0 = Release|Any CPU
		{57C31971-782E-4BE4-BE23-BE8DEEDB97A7}.Release|x86.ActiveCfg = Release|Any CPU
		{57C31971-782E-4BE4-BE23-BE8DEEDB97A7}.Release|x86.Build.0 = Release|Any CPU
		{621F8EE6-DA27-492C-9AE1-6C5B19C12C8B}.Debug|Any CPU.ActiveCfg = Debug|Any CPU
		{621F8EE6-DA27-492C-9AE1-6C5B19C12C8B}.Debug|Any CPU.Build.0 = Debug|Any CPU
		{621F8EE6-DA27-492C-9AE1-6C5B19C12C8B}.Debug|x86.ActiveCfg = Debug|Any CPU
		{621F8EE6-DA27-492C-9AE1-6C5B19C12C8B}.Debug|x86.Build.0 = Debug|Any CPU
		{621F8EE6-DA27-492C-9AE1-6C5B19C12C8B}.Release|Any CPU.ActiveCfg = Release|Any CPU
		{621F8EE6-DA27-492C-9AE1-6C5B19C12C8B}.Release|Any CPU.Build.0 = Release|Any CPU
		{621F8EE6-DA27-492C-9AE1-6C5B19C12C8B}.Release|x86.ActiveCfg = Release|Any CPU
		{621F8EE6-DA27-492C-9AE1-6C5B19C12C8B}.Release|x86.Build.0 = Release|Any CPU
		{095F2B03-B45E-43B8-BF3D-768003E631D4}.Debug|Any CPU.ActiveCfg = Debug|Any CPU
		{095F2B03-B45E-43B8-BF3D-768003E631D4}.Debug|Any CPU.Build.0 = Debug|Any CPU
		{095F2B03-B45E-43B8-BF3D-768003E631D4}.Debug|x86.ActiveCfg = Debug|Any CPU
		{095F2B03-B45E-43B8-BF3D-768003E631D4}.Debug|x86.Build.0 = Debug|Any CPU
		{095F2B03-B45E-43B8-BF3D-768003E631D4}.Release|Any CPU.ActiveCfg = Release|Any CPU
		{095F2B03-B45E-43B8-BF3D-768003E631D4}.Release|Any CPU.Build.0 = Release|Any CPU
		{095F2B03-B45E-43B8-BF3D-768003E631D4}.Release|x86.ActiveCfg = Release|Any CPU
		{095F2B03-B45E-43B8-BF3D-768003E631D4}.Release|x86.Build.0 = Release|Any CPU
		{0E87438F-9ADB-480D-AD0C-59177E2A6DB2}.Debug|Any CPU.ActiveCfg = Debug|Any CPU
		{0E87438F-9ADB-480D-AD0C-59177E2A6DB2}.Debug|Any CPU.Build.0 = Debug|Any CPU
		{0E87438F-9ADB-480D-AD0C-59177E2A6DB2}.Debug|x86.ActiveCfg = Debug|Any CPU
		{0E87438F-9ADB-480D-AD0C-59177E2A6DB2}.Debug|x86.Build.0 = Debug|Any CPU
		{0E87438F-9ADB-480D-AD0C-59177E2A6DB2}.Release|Any CPU.ActiveCfg = Release|Any CPU
		{0E87438F-9ADB-480D-AD0C-59177E2A6DB2}.Release|Any CPU.Build.0 = Release|Any CPU
		{0E87438F-9ADB-480D-AD0C-59177E2A6DB2}.Release|x86.ActiveCfg = Release|Any CPU
		{0E87438F-9ADB-480D-AD0C-59177E2A6DB2}.Release|x86.Build.0 = Release|Any CPU
		{7B2DAA68-6BC5-4694-A3C5-D345BB9CA391}.Debug|Any CPU.ActiveCfg = Debug|Any CPU
		{7B2DAA68-6BC5-4694-A3C5-D345BB9CA391}.Debug|Any CPU.Build.0 = Debug|Any CPU
		{7B2DAA68-6BC5-4694-A3C5-D345BB9CA391}.Debug|x86.ActiveCfg = Debug|Any CPU
		{7B2DAA68-6BC5-4694-A3C5-D345BB9CA391}.Debug|x86.Build.0 = Debug|Any CPU
		{7B2DAA68-6BC5-4694-A3C5-D345BB9CA391}.Release|Any CPU.ActiveCfg = Release|Any CPU
		{7B2DAA68-6BC5-4694-A3C5-D345BB9CA391}.Release|Any CPU.Build.0 = Release|Any CPU
		{7B2DAA68-6BC5-4694-A3C5-D345BB9CA391}.Release|x86.ActiveCfg = Release|Any CPU
		{7B2DAA68-6BC5-4694-A3C5-D345BB9CA391}.Release|x86.Build.0 = Release|Any CPU
		{9F49F5D3-61C5-4569-A328-AB67C161DB15}.Debug|Any CPU.ActiveCfg = Debug|Any CPU
		{9F49F5D3-61C5-4569-A328-AB67C161DB15}.Debug|Any CPU.Build.0 = Debug|Any CPU
		{9F49F5D3-61C5-4569-A328-AB67C161DB15}.Debug|x86.ActiveCfg = Debug|Any CPU
		{9F49F5D3-61C5-4569-A328-AB67C161DB15}.Debug|x86.Build.0 = Debug|Any CPU
		{9F49F5D3-61C5-4569-A328-AB67C161DB15}.Release|Any CPU.ActiveCfg = Release|Any CPU
		{9F49F5D3-61C5-4569-A328-AB67C161DB15}.Release|Any CPU.Build.0 = Release|Any CPU
		{9F49F5D3-61C5-4569-A328-AB67C161DB15}.Release|x86.ActiveCfg = Release|Any CPU
		{9F49F5D3-61C5-4569-A328-AB67C161DB15}.Release|x86.Build.0 = Release|Any CPU
		{D27BE93F-4070-48A9-BB27-477C3AFA6EC5}.Debug|Any CPU.ActiveCfg = Debug|Any CPU
		{D27BE93F-4070-48A9-BB27-477C3AFA6EC5}.Debug|Any CPU.Build.0 = Debug|Any CPU
		{D27BE93F-4070-48A9-BB27-477C3AFA6EC5}.Debug|x86.ActiveCfg = Debug|Any CPU
		{D27BE93F-4070-48A9-BB27-477C3AFA6EC5}.Debug|x86.Build.0 = Debug|Any CPU
		{D27BE93F-4070-48A9-BB27-477C3AFA6EC5}.Release|Any CPU.ActiveCfg = Release|Any CPU
		{D27BE93F-4070-48A9-BB27-477C3AFA6EC5}.Release|Any CPU.Build.0 = Release|Any CPU
		{D27BE93F-4070-48A9-BB27-477C3AFA6EC5}.Release|x86.ActiveCfg = Release|Any CPU
		{D27BE93F-4070-48A9-BB27-477C3AFA6EC5}.Release|x86.Build.0 = Release|Any CPU
		{6703D235-B790-448A-8B8B-1FE9A67649F3}.Debug|Any CPU.ActiveCfg = Debug|Any CPU
		{6703D235-B790-448A-8B8B-1FE9A67649F3}.Debug|Any CPU.Build.0 = Debug|Any CPU
		{6703D235-B790-448A-8B8B-1FE9A67649F3}.Debug|x86.ActiveCfg = Debug|Any CPU
		{6703D235-B790-448A-8B8B-1FE9A67649F3}.Debug|x86.Build.0 = Debug|Any CPU
		{6703D235-B790-448A-8B8B-1FE9A67649F3}.Release|Any CPU.ActiveCfg = Release|Any CPU
		{6703D235-B790-448A-8B8B-1FE9A67649F3}.Release|Any CPU.Build.0 = Release|Any CPU
		{6703D235-B790-448A-8B8B-1FE9A67649F3}.Release|x86.ActiveCfg = Release|Any CPU
		{6703D235-B790-448A-8B8B-1FE9A67649F3}.Release|x86.Build.0 = Release|Any CPU
	EndGlobalSection
	GlobalSection(SolutionProperties) = preSolution
		HideSolutionNode = FALSE
	EndGlobalSection
	GlobalSection(NestedProjects) = preSolution
		{C84A0A67-89ED-4B50-8F0A-03E042D90AE7} = {83677016-20BC-4FB3-AF0D-B4BEC5DC2FE8}
		{EE75A51C-1929-42CD-9DF3-26698AE75104} = {83677016-20BC-4FB3-AF0D-B4BEC5DC2FE8}
		{A7724F04-A955-4179-8D3C-1A129B58F616} = {83677016-20BC-4FB3-AF0D-B4BEC5DC2FE8}
		{5D563AF2-0433-4156-B160-9018F86BE15F} = {83677016-20BC-4FB3-AF0D-B4BEC5DC2FE8}
		{5AE131FF-FA9D-4EBB-A0DD-791AC731FC63} = {83677016-20BC-4FB3-AF0D-B4BEC5DC2FE8}
		{296FF4B3-C890-4D7F-9218-F74D6B368A13} = {83677016-20BC-4FB3-AF0D-B4BEC5DC2FE8}
		{53A3CC31-3013-4124-9F5C-05D55D2A0DFA} = {16D22821-F7AC-4A85-9AAF-B50903179246}
		{BA4FE652-6F41-4817-B483-3AA335B25D40} = {83677016-20BC-4FB3-AF0D-B4BEC5DC2FE8}
		{330DFC6A-4F9A-47EF-841D-B4AE7FD4C21C} = {83677016-20BC-4FB3-AF0D-B4BEC5DC2FE8}
		{538B11CE-E274-48F8-8FED-4FE066391BA6} = {83677016-20BC-4FB3-AF0D-B4BEC5DC2FE8}
		{36F3123A-1934-4232-B9BC-2262E2CB7D3A} = {83677016-20BC-4FB3-AF0D-B4BEC5DC2FE8}
		{57C31971-782E-4BE4-BE23-BE8DEEDB97A7} = {83677016-20BC-4FB3-AF0D-B4BEC5DC2FE8}
		{621F8EE6-DA27-492C-9AE1-6C5B19C12C8B} = {98E6EB68-4A8F-4957-A354-F5D2468F8A75}
		{095F2B03-B45E-43B8-BF3D-768003E631D4} = {98E6EB68-4A8F-4957-A354-F5D2468F8A75}
		{0E87438F-9ADB-480D-AD0C-59177E2A6DB2} = {CDF301AF-74C9-4737-90C9-EA15FDE8F372}
		{7B2DAA68-6BC5-4694-A3C5-D345BB9CA391} = {CDF301AF-74C9-4737-90C9-EA15FDE8F372}
		{9F49F5D3-61C5-4569-A328-AB67C161DB15} = {16D22821-F7AC-4A85-9AAF-B50903179246}
		{D27BE93F-4070-48A9-BB27-477C3AFA6EC5} = {16D22821-F7AC-4A85-9AAF-B50903179246}
		{6703D235-B790-448A-8B8B-1FE9A67649F3} = {5A8C3BD1-D96E-4BF4-A2D3-647C57B5FF57}
	EndGlobalSection
	GlobalSection(ExtensibilityGlobals) = postSolution
		SolutionGuid = {F4AE9EE7-1D0F-4550-B7F8-925D3C9AE7D6}
	EndGlobalSection
EndGlobal
